
Microsoft Visual Studio Solution File, Format Version 12.00
# Visual Studio Version 16
VisualStudioVersion = 16.0.30204.135
MinimumVisualStudioVersion = 10.0.40219.1
Project("{FAE04EC0-301F-11D3-BF4B-00C04F79EFBC}") = "CambridgeExam", "TesteGrila\CambridgeExam.csproj", "{A903FD50-EDA8-4BE9-A054-AA15BFB3D573}"
EndProject
Global
	GlobalSection(SolutionConfigurationPlatforms) = preSolution
		Debug|Any CPU = Debug|Any CPU
		Release|Any CPU = Release|Any CPU
	EndGlobalSection
	GlobalSection(ProjectConfigurationPlatforms) = postSolution
		{A903FD50-EDA8-4BE9-A054-AA15BFB3D573}.Debug|Any CPU.ActiveCfg = Debug|Any CPU
		{A903FD50-EDA8-4BE9-A054-AA15BFB3D573}.Debug|Any CPU.Build.0 = Debug|Any CPU
		{A903FD50-EDA8-4BE9-A054-AA15BFB3D573}.Release|Any CPU.ActiveCfg = Release|Any CPU
		{A903FD50-EDA8-4BE9-A054-AA15BFB3D573}.Release|Any CPU.Build.0 = Release|Any CPU
	EndGlobalSection
	GlobalSection(SolutionProperties) = preSolution
		HideSolutionNode = FALSE
	EndGlobalSection
	GlobalSection(ExtensibilityGlobals) = postSolution
		SolutionGuid = {3AD0E271-1078-4273-AEB3-A8E62B68F162}
	EndGlobalSection
EndGlobal
